// !$*UTF8*$!
{
	archiveVersion = 1;
	classes = {
	};
	objectVersion = 46;
	objects = {

/* Begin PBXBuildFile section */
		5FD9C9161B55513E0086597E /* AppDelegate.swift in Sources */ = {isa = PBXBuildFile; fileRef = 5FD9C9151B55513E0086597E /* AppDelegate.swift */; };
		5FD9C9181B55513E0086597E /* ViewController.swift in Sources */ = {isa = PBXBuildFile; fileRef = 5FD9C9171B55513E0086597E /* ViewController.swift */; };
		5FD9C91B1B55513E0086597E /* Main.storyboard in Resources */ = {isa = PBXBuildFile; fileRef = 5FD9C9191B55513E0086597E /* Main.storyboard */; };
		5FD9C91D1B55513E0086597E /* Images.xcassets in Resources */ = {isa = PBXBuildFile; fileRef = 5FD9C91C1B55513E0086597E /* Images.xcassets */; };
		5FD9C9201B55513E0086597E /* LaunchScreen.xib in Resources */ = {isa = PBXBuildFile; fileRef = 5FD9C91E1B55513E0086597E /* LaunchScreen.xib */; };
		5FD9C92C1B55513E0086597E /* lab3_distanceCalculatorTests.swift in Sources */ = {isa = PBXBuildFile; fileRef = 5FD9C92B1B55513E0086597E /* lab3_distanceCalculatorTests.swift */; };
/* End PBXBuildFile section */

/* Begin PBXContainerItemProxy section */
		5FD9C9261B55513E0086597E /* PBXContainerItemProxy */ = {
			isa = PBXContainerItemProxy;
			containerPortal = 5FD9C9081B55513E0086597E /* Project object */;
			proxyType = 1;
			remoteGlobalIDString = 5FD9C90F1B55513E0086597E;
			remoteInfo = lab3_distanceCalculator;
		};
/* End PBXContainerItemProxy section */

/* Begin PBXFileReference section */
		5FD9C9101B55513E0086597E /* lab3_distanceCalculator.app */ = {isa = PBXFileReference; explicitFileType = wrapper.application; includeInIndex = 0; path = lab3_distanceCalculator.app; sourceTree = BUILT_PRODUCTS_DIR; };
		5FD9C9141B55513E0086597E /* Info.plist */ = {isa = PBXFileReference; lastKnownFileType = text.plist.xml; path = Info.plist; sourceTree = "<group>"; };
		5FD9C9151B55513E0086597E /* AppDelegate.swift */ = {isa = PBXFileReference; lastKnownFileType = sourcecode.swift; path = AppDelegate.swift; sourceTree = "<group>"; };
		5FD9C9171B55513E0086597E /* ViewController.swift */ = {isa = PBXFileReference; lastKnownFileType = sourcecode.swift; path = ViewController.swift; sourceTree = "<group>"; };
		5FD9C91A1B55513E0086597E /* Base */ = {isa = PBXFileReference; lastKnownFileType = file.storyboard; name = Base; path = Base.lproj/Main.storyboard; sourceTree = "<group>"; };
		5FD9C91C1B55513E0086597E /* Images.xcassets */ = {isa = PBXFileReference; lastKnownFileType = folder.assetcatalog; path = Images.xcassets; sourceTree = "<group>"; };
		5FD9C91F1B55513E0086597E /* Base */ = {isa = PBXFileReference; lastKnownFileType = file.xib; name = Base; path = Base.lproj/LaunchScreen.xib; sourceTree = "<group>"; };
		5FD9C9251B55513E0086597E /* lab3_distanceCalculatorTests.xctest */ = {isa = PBXFileReference; explicitFileType = wrapper.cfbundle; includeInIndex = 0; path = lab3_distanceCalculatorTests.xctest; sourceTree = BUILT_PRODUCTS_DIR; };
		5FD9C92A1B55513E0086597E /* Info.plist */ = {isa = PBXFileReference; lastKnownFileType = text.plist.xml; path = Info.plist; sourceTree = "<group>"; };
		5FD9C92B1B55513E0086597E /* lab3_distanceCalculatorTests.swift */ = {isa = PBXFileReference; lastKnownFileType = sourcecode.swift; path = lab3_distanceCalculatorTests.swift; sourceTree = "<group>"; };
/* End PBXFileReference section */

/* Begin PBXFrameworksBuildPhase section */
		5FD9C90D1B55513E0086597E /* Frameworks */ = {
			isa = PBXFrameworksBuildPhase;
			buildActionMask = 2147483647;
			files = (
			);
			runOnlyForDeploymentPostprocessing = 0;
		};
		5FD9C9221B55513E0086597E /* Frameworks */ = {
			isa = PBXFrameworksBuildPhase;
			buildActionMask = 2147483647;
			files = (
			);
			runOnlyForDeploymentPostprocessing = 0;
		};
/* End PBXFrameworksBuildPhase section */

/* Begin PBXGroup section */
		5FD9C9071B55513E0086597E = {
			isa = PBXGroup;
			children = (
				5FD9C9121B55513E0086597E /* lab3_distanceCalculator */,
				5FD9C9281B55513E0086597E /* lab3_distanceCalculatorTests */,
				5FD9C9111B55513E0086597E /* Products */,
			);
			sourceTree = "<group>";
		};
		5FD9C9111B55513E0086597E /* Products */ = {
			isa = PBXGroup;
			children = (
				5FD9C9101B55513E0086597E /* lab3_distanceCalculator.app */,
				5FD9C9251B55513E0086597E /* lab3_distanceCalculatorTests.xctest */,
			);
			name = Products;
			sourceTree = "<group>";
		};
		5FD9C9121B55513E0086597E /* lab3_distanceCalculator */ = {
			isa = PBXGroup;
			children = (
				5FD9C9151B55513E0086597E /* AppDelegate.swift */,
				5FD9C9171B55513E0086597E /* ViewController.swift */,
				5FD9C9191B55513E0086597E /* Main.storyboard */,
				5FD9C91C1B55513E0086597E /* Images.xcassets */,
				5FD9C91E1B55513E0086597E /* LaunchScreen.xib */,
				5FD9C9131B55513E0086597E /* Supporting Files */,
			);
			path = lab3_distanceCalculator;
			sourceTree = "<group>";
		};
		5FD9C9131B55513E0086597E /* Supporting Files */ = {
			isa = PBXGroup;
			children = (
				5FD9C9141B55513E0086597E /* Info.plist */,
			);
			name = "Supporting Files";
			sourceTree = "<group>";
		};
		5FD9C9281B55513E0086597E /* lab3_distanceCalculatorTests */ = {
			isa = PBXGroup;
			children = (
				5FD9C92B1B55513E0086597E /* lab3_distanceCalculatorTests.swift */,
				5FD9C9291B55513E0086597E /* Supporting Files */,
			);
			path = lab3_distanceCalculatorTests;
			sourceTree = "<group>";
		};
		5FD9C9291B55513E0086597E /* Supporting Files */ = {
			isa = PBXGroup;
			children = (
				5FD9C92A1B55513E0086597E /* Info.plist */,
			);
			name = "Supporting Files";
			sourceTree = "<group>";
		};
/* End PBXGroup section */

/* Begin PBXNativeTarget section */
		5FD9C90F1B55513E0086597E /* lab3_distanceCalculator */ = {
			isa = PBXNativeTarget;
			buildConfigurationList = 5FD9C92F1B55513E0086597E /* Build configuration list for PBXNativeTarget "lab3_distanceCalculator" */;
			buildPhases = (
				5FD9C90C1B55513E0086597E /* Sources */,
				5FD9C90D1B55513E0086597E /* Frameworks */,
				5FD9C90E1B55513E0086597E /* Resources */,
			);
			buildRules = (
			);
			dependencies = (
			);
			name = lab3_distanceCalculator;
			productName = lab3_distanceCalculator;
			productReference = 5FD9C9101B55513E0086597E /* lab3_distanceCalculator.app */;
			productType = "com.apple.product-type.application";
		};
		5FD9C9241B55513E0086597E /* lab3_distanceCalculatorTests */ = {
			isa = PBXNativeTarget;
			buildConfigurationList = 5FD9C9321B55513E0086597E /* Build configuration list for PBXNativeTarget "lab3_distanceCalculatorTests" */;
			buildPhases = (
				5FD9C9211B55513E0086597E /* Sources */,
				5FD9C9221B55513E0086597E /* Frameworks */,
				5FD9C9231B55513E0086597E /* Resources */,
			);
			buildRules = (
			);
			dependencies = (
				5FD9C9271B55513E0086597E /* PBXTargetDependency */,
			);
			name = lab3_distanceCalculatorTests;
			productName = lab3_distanceCalculatorTests;
			productReference = 5FD9C9251B55513E0086597E /* lab3_distanceCalculatorTests.xctest */;
			productType = "com.apple.product-type.bundle.unit-test";
		};
/* End PBXNativeTarget section */

/* Begin PBXProject section */
		5FD9C9081B55513E0086597E /* Project object */ = {
			isa = PBXProject;
			attributes = {
				LastUpgradeCheck = 0640;
				ORGANIZATIONNAME = "Joel Neukom";
				TargetAttributes = {
					5FD9C90F1B55513E0086597E = {
						CreatedOnToolsVersion = 6.4;
					};
					5FD9C9241B55513E0086597E = {
						CreatedOnToolsVersion = 6.4;
						TestTargetID = 5FD9C90F1B55513E0086597E;
					};
				};
			};
			buildConfigurationList = 5FD9C90B1B55513E0086597E /* Build configuration list for PBXProject "lab3_distanceCalculator" */;
			compatibilityVersion = "Xcode 3.2";
			developmentRegion = English;
			hasScannedForEncodings = 0;
			knownRegions = (
				en,
				Base,
			);
			mainGroup = 5FD9C9071B55513E0086597E;
			productRefGroup = 5FD9C9111B55513E0086597E /* Products */;
			projectDirPath = "";
			projectRoot = "";
			targets = (
				5FD9C90F1B55513E0086597E /* lab3_distanceCalculator */,
				5FD9C9241B55513E0086597E /* lab3_distanceCalculatorTests */,
			);
		};
/* End PBXProject section */

/* Begin PBXResourcesBuildPhase section */
		5FD9C90E1B55513E0086597E /* Resources */ = {
			isa = PBXResourcesBuildPhase;
			buildActionMask = 2147483647;
			files = (
				5FD9C91B1B55513E0086597E /* Main.storyboard in Resources */,
				5FD9C9201B55513E0086597E /* LaunchScreen.xib in Resources */,
				5FD9C91D1B55513E0086597E /* Images.xcassets in Resources */,
			);
			runOnlyForDeploymentPostprocessing = 0;
		};
		5FD9C9231B55513E0086597E /* Resources */ = {
			isa = PBXResourcesBuildPhase;
			buildActionMask = 2147483647;
			files = (
			);
			runOnlyForDeploymentPostprocessing = 0;
		};
/* End PBXResourcesBuildPhase section */

/* Begin PBXSourcesBuildPhase section */
		5FD9C90C1B55513E0086597E /* Sources */ = {
			isa = PBXSourcesBuildPhase;
			buildActionMask = 2147483647;
			files = (
				5FD9C9181B55513E0086597E /* ViewController.swift in Sources */,
				5FD9C9161B55513E0086597E /* AppDelegate.swift in Sources */,
			);
			runOnlyForDeploymentPostprocessing = 0;
		};
		5FD9C9211B55513E0086597E /* Sources */ = {
			isa = PBXSourcesBuildPhase;
			buildActionMask = 2147483647;
			files = (
				5FD9C92C1B55513E0086597E /* lab3_distanceCalculatorTests.swift in Sources */,
			);
			runOnlyForDeploymentPostprocessing = 0;
		};
/* End PBXSourcesBuildPhase section */

/* Begin PBXTargetDependency section */
		5FD9C9271B55513E0086597E /* PBXTargetDependency */ = {
			isa = PBXTargetDependency;
			target = 5FD9C90F1B55513E0086597E /* lab3_distanceCalculator */;
			targetProxy = 5FD9C9261B55513E0086597E /* PBXContainerItemProxy */;
		};
/* End PBXTargetDependency section */

/* Begin PBXVariantGroup section */
		5FD9C9191B55513E0086597E /* Main.storyboard */ = {
			isa = PBXVariantGroup;
			children = (
				5FD9C91A1B55513E0086597E /* Base */,
			);
			name = Main.storyboard;
			sourceTree = "<group>";
		};
		5FD9C91E1B55513E0086597E /* LaunchScreen.xib */ = {
			isa = PBXVariantGroup;
			children = (
				5FD9C91F1B55513E0086597E /* Base */,
			);
			name = LaunchScreen.xib;
			sourceTree = "<group>";
		};
/* End PBXVariantGroup section */

/* Begin XCBuildConfiguration section */
		5FD9C92D1B55513E0086597E /* Debug */ = {
			isa = XCBuildConfiguration;
			buildSettings = {
				ALWAYS_SEARCH_USER_PATHS = NO;
				CLANG_CXX_LANGUAGE_STANDARD = "gnu++0x";
				CLANG_CXX_LIBRARY = "libc++";
				CLANG_ENABLE_MODULES = YES;
				CLANG_ENABLE_OBJC_ARC = YES;
				CLANG_WARN_BOOL_CONVERSION = YES;
				CLANG_WARN_CONSTANT_CONVERSION = YES;
				CLANG_WARN_DIRECT_OBJC_ISA_USAGE = YES_ERROR;
				CLANG_WARN_EMPTY_BODY = YES;
				CLANG_WARN_ENUM_CONVERSION = YES;
				CLANG_WARN_INT_CONVERSION = YES;
				CLANG_WARN_OBJC_ROOT_CLASS = YES_ERROR;
				CLANG_WARN_UNREACHABLE_CODE = YES;
				CLANG_WARN__DUPLICATE_METHOD_MATCH = YES;
				"CODE_SIGN_IDENTITY[sdk=iphoneos*]" = "iPhone Developer";
				COPY_PHASE_STRIP = NO;
				DEBUG_INFORMATION_FORMAT = "dwarf-with-dsym";
				ENABLE_STRICT_OBJC_MSGSEND = YES;
				GCC_C_LANGUAGE_STANDARD = gnu99;
				GCC_DYNAMIC_NO_PIC = NO;
				GCC_NO_COMMON_BLOCKS = YES;
				GCC_OPTIMIZATION_LEVEL = 0;
				GCC_PREPROCESSOR_DEFINITIONS = (
					"DEBUG=1",
					"$(inherited)",
				);
				GCC_SYMBOLS_PRIVATE_EXTERN = NO;
				GCC_WARN_64_TO_32_BIT_CONVERSION = YES;
				GCC_WARN_ABOUT_RETURN_TYPE = YES_ERROR;
				GCC_WARN_UNDECLARED_SELECTOR = YES;
				GCC_WARN_UNINITIALIZED_AUTOS = YES_AGGRESSIVE;
				GCC_WARN_UNUSED_FUNCTION = YES;
				GCC_WARN_UNUSED_VARIABLE = YES;
				IPHONEOS_DEPLOYMENT_TARGET = 8.4;
				MTL_ENABLE_DEBUG_INFO = YES;
				ONLY_ACTIVE_ARCH = YES;
				SDKROOT = iphoneos;
				SWIFT_OPTIMIZATION_LEVEL = "-Onone";
				TARGETED_DEVICE_FAMILY = "1,2";
			};
			name = Debug;
		};
		5FD9C92E1B55513E0086597E /* Release */ = {
			isa = XCBuildConfiguration;
			buildSettings = {
				ALWAYS_SEARCH_USER_PATHS = NO;
				CLANG_CXX_LANGUAGE_STANDARD = "gnu++0x";
				CLANG_CXX_LIBRARY = "libc++";
				CLANG_ENABLE_MODULES = YES;
				CLANG_ENABLE_OBJC_ARC = YES;
				CLANG_WARN_BOOL_CONVERSION = YES;
				CLANG_WARN_CONSTANT_CONVERSION = YES;
				CLANG_WARN_DIRECT_OBJC_ISA_USAGE = YES_ERROR;
				CLANG_WARN_EMPTY_BODY = YES;
				CLANG_WARN_ENUM_CONVERSION = YES;
				CLANG_WARN_INT_CONVERSION = YES;
				CLANG_WARN_OBJC_ROOT_CLASS = YES_ERROR;
				CLANG_WARN_UNREACHABLE_CODE = YES;
				CLANG_WARN__DUPLICATE_METHOD_MATCH = YES;
				"CODE_SIGN_IDENTITY[sdk=iphoneos*]" = "iPhone Developer";
				COPY_PHASE_STRIP = NO;
				DEBUG_INFORMATION_FORMAT = "dwarf-with-dsym";
				ENABLE_NS_ASSERTIONS = NO;
				ENABLE_STRICT_OBJC_MSGSEND = YES;
				GCC_C_LANGUAGE_STANDARD = gnu99;
				GCC_NO_COMMON_BLOCKS = YES;
				GCC_WARN_64_TO_32_BIT_CONVERSION = YES;
				GCC_WARN_ABOUT_RETURN_TYPE = YES_ERROR;
				GCC_WARN_UNDECLARED_SELECTOR = YES;
				GCC_WARN_UNINITIALIZED_AUTOS = YES_AGGRESSIVE;
				GCC_WARN_UNUSED_FUNCTION = YES;
				GCC_WARN_UNUSED_VARIABLE = YES;
				IPHONEOS_DEPLOYMENT_TARGET = 8.4;
				MTL_ENABLE_DEBUG_INFO = NO;
				SDKROOT = iphoneos;
				TARGETED_DEVICE_FAMILY = "1,2";
				VALIDATE_PRODUCT = YES;
			};
			name = Release;
		};
		5FD9C9301B55513E0086597E /* Debug */ = {
			isa = XCBuildConfiguration;
			buildSettings = {
				ASSETCATALOG_COMPILER_APPICON_NAME = AppIcon;
				INFOPLIST_FILE = lab3_distanceCalculator/Info.plist;
				IPHONEOS_DEPLOYMENT_TARGET = 8.3;
				LD_RUNPATH_SEARCH_PATHS = "$(inherited) @executable_path/Frameworks";
				PRODUCT_NAME = lab3_distanceCalculator;
			};
			name = Debug;
		};
		5FD9C9311B55513E0086597E /* Release */ = {
			isa = XCBuildConfiguration;
			buildSettings = {
				ASSETCATALOG_COMPILER_APPICON_NAME = AppIcon;
				INFOPLIST_FILE = lab3_distanceCalculator/Info.plist;
				IPHONEOS_DEPLOYMENT_TARGET = 8.3;
				LD_RUNPATH_SEARCH_PATHS = "$(inherited) @executable_path/Frameworks";
				PRODUCT_NAME = lab3_distanceCalculator;
			};
			name = Release;
		};
		5FD9C9331B55513E0086597E /* Debug */ = {
			isa = XCBuildConfiguration;
			buildSettings = {
				BUNDLE_LOADER = "$(TEST_HOST)";
				FRAMEWORK_SEARCH_PATHS = (
					"$(SDKROOT)/Developer/Library/Frameworks",
					"$(inherited)",
				);
				GCC_PREPROCESSOR_DEFINITIONS = (
					"DEBUG=1",
					"$(inherited)",
				);
				INFOPLIST_FILE = lab3_distanceCalculatorTests/Info.plist;
				LD_RUNPATH_SEARCH_PATHS = "$(inherited) @executable_path/Frameworks @loader_path/Frameworks";
				PRODUCT_NAME = lab3_distanceCalculatorTests;
				TEST_HOST = "$(BUILT_PRODUCTS_DIR)/lab3_distanceCalculator.app/lab3_distanceCalculator";
			};
			name = Debug;
		};
		5FD9C9341B55513E0086597E /* Release */ = {
			isa = XCBuildConfiguration;
			buildSettings = {
				BUNDLE_LOADER = "$(TEST_HOST)";
				FRAMEWORK_SEARCH_PATHS = (
					"$(SDKROOT)/Developer/Library/Frameworks",
					"$(inherited)",
				);
				INFOPLIST_FILE = lab3_distanceCalculatorTests/Info.plist;
				LD_RUNPATH_SEARCH_PATHS = "$(inherited) @executable_path/Frameworks @loader_path/Frameworks";
				PRODUCT_NAME = lab3_distanceCalculatorTests;
				TEST_HOST = "$(BUILT_PRODUCTS_DIR)/lab3_distanceCalculator.app/lab3_distanceCalculator";
			};
			name = Release;
		};
/* End XCBuildConfiguration section */

/* Begin XCConfigurationList section */
		5FD9C90B1B55513E0086597E /* Build configuration list for PBXProject "lab3_distanceCalculator" */ = {
			isa = XCConfigurationList;
			buildConfigurations = (
				5FD9C92D1B55513E0086597E /* Debug */,
				5FD9C92E1B55513E0086597E /* Release */,
			);
			defaultConfigurationIsVisible = 0;
			defaultConfigurationName = Release;
		};
		5FD9C92F1B55513E0086597E /* Build configuration list for PBXNativeTarget "lab3_distanceCalculator" */ = {
			isa = XCConfigurationList;
			buildConfigurations = (
				5FD9C9301B55513E0086597E /* Debug */,
				5FD9C9311B55513E0086597E /* Release */,
			);
			defaultConfigurationIsVisible = 0;
			defaultConfigurationName = Release;
		};
		5FD9C9321B55513E0086597E /* Build configuration list for PBXNativeTarget "lab3_distanceCalculatorTests" */ = {
			isa = XCConfigurationList;
			buildConfigurations = (
				5FD9C9331B55513E0086597E /* Debug */,
				5FD9C9341B55513E0086597E /* Release */,
			);
			defaultConfigurationIsVisible = 0;
			defaultConfigurationName = Release;
		};
/* End XCConfigurationList section */
	};
	rootObject = 5FD9C9081B55513E0086597E /* Project object */;
}
