// !$*UTF8*$!
{
	archiveVersion = 1;
	classes = {
	};
	objectVersion = 46;
	objects = {

/* Begin PBXBuildFile section */
		337737C31B57037900A4D9AA /* GroceryItem.swift in Sources */ = {isa = PBXBuildFile; fileRef = 337737C21B57037900A4D9AA /* GroceryItem.swift */; };
		3379C7351B56EF0A0085872E /* AppDelegate.swift in Sources */ = {isa = PBXBuildFile; fileRef = 3379C7341B56EF0A0085872E /* AppDelegate.swift */; };
		3379C7371B56EF0A0085872E /* MasterViewController.swift in Sources */ = {isa = PBXBuildFile; fileRef = 3379C7361B56EF0A0085872E /* MasterViewController.swift */; };
		3379C7391B56EF0A0085872E /* NewItemViewController.swift in Sources */ = {isa = PBXBuildFile; fileRef = 3379C7381B56EF0A0085872E /* NewItemViewController.swift */; };
		3379C73C1B56EF0A0085872E /* Main.storyboard in Resources */ = {isa = PBXBuildFile; fileRef = 3379C73A1B56EF0A0085872E /* Main.storyboard */; };
		3379C73E1B56EF0A0085872E /* Images.xcassets in Resources */ = {isa = PBXBuildFile; fileRef = 3379C73D1B56EF0A0085872E /* Images.xcassets */; };
		3379C7411B56EF0A0085872E /* LaunchScreen.xib in Resources */ = {isa = PBXBuildFile; fileRef = 3379C73F1B56EF0A0085872E /* LaunchScreen.xib */; };
		3379C74D1B56EF0B0085872E /* GroceryListTests.swift in Sources */ = {isa = PBXBuildFile; fileRef = 3379C74C1B56EF0B0085872E /* GroceryListTests.swift */; };
		3379C76C1B56F3970085872E /* AudioToolbox.framework in Frameworks */ = {isa = PBXBuildFile; fileRef = 3379C76B1B56F3970085872E /* AudioToolbox.framework */; };
		3379C7741B56F3CD0085872E /* CFNetwork.framework in Frameworks */ = {isa = PBXBuildFile; fileRef = 3379C76D1B56F3CD0085872E /* CFNetwork.framework */; };
		3379C7751B56F3CD0085872E /* CoreGraphics.framework in Frameworks */ = {isa = PBXBuildFile; fileRef = 3379C76E1B56F3CD0085872E /* CoreGraphics.framework */; };
		3379C7761B56F3CD0085872E /* CoreLocation.framework in Frameworks */ = {isa = PBXBuildFile; fileRef = 3379C76F1B56F3CD0085872E /* CoreLocation.framework */; };
		3379C7771B56F3CD0085872E /* QuartzCore.framework in Frameworks */ = {isa = PBXBuildFile; fileRef = 3379C7701B56F3CD0085872E /* QuartzCore.framework */; };
		3379C7781B56F3CD0085872E /* Security.framework in Frameworks */ = {isa = PBXBuildFile; fileRef = 3379C7711B56F3CD0085872E /* Security.framework */; };
		3379C7791B56F3CD0085872E /* StoreKit.framework in Frameworks */ = {isa = PBXBuildFile; fileRef = 3379C7721B56F3CD0085872E /* StoreKit.framework */; };
		3379C77A1B56F3CD0085872E /* SystemConfiguration.framework in Frameworks */ = {isa = PBXBuildFile; fileRef = 3379C7731B56F3CD0085872E /* SystemConfiguration.framework */; };
		3379C77C1B56F3D70085872E /* libz.dylib in Frameworks */ = {isa = PBXBuildFile; fileRef = 3379C77B1B56F3D70085872E /* libz.dylib */; };
		3379C77E1B56F3E50085872E /* libsqlite3.dylib in Frameworks */ = {isa = PBXBuildFile; fileRef = 3379C77D1B56F3E50085872E /* libsqlite3.dylib */; };
		3379C7851B56F5300085872E /* Bolts.framework in Frameworks */ = {isa = PBXBuildFile; fileRef = 3379C77F1B56F5300085872E /* Bolts.framework */; };
		3379C7861B56F5300085872E /* Parse.framework in Frameworks */ = {isa = PBXBuildFile; fileRef = 3379C7801B56F5300085872E /* Parse.framework */; };
		3379C7871B56F5300085872E /* ParseCrashReporting.framework in Frameworks */ = {isa = PBXBuildFile; fileRef = 3379C7811B56F5300085872E /* ParseCrashReporting.framework */; };
		3379C7881B56F5300085872E /* ParseFacebookUtils.framework in Frameworks */ = {isa = PBXBuildFile; fileRef = 3379C7821B56F5300085872E /* ParseFacebookUtils.framework */; };
		3379C7891B56F5300085872E /* ParseFacebookUtilsV4.framework in Frameworks */ = {isa = PBXBuildFile; fileRef = 3379C7831B56F5300085872E /* ParseFacebookUtilsV4.framework */; };
		3379C78A1B56F5300085872E /* ParseUI.framework in Frameworks */ = {isa = PBXBuildFile; fileRef = 3379C7841B56F5300085872E /* ParseUI.framework */; };
		3379C78C1B56F63A0085872E /* MobileCoreServices.framework in Frameworks */ = {isa = PBXBuildFile; fileRef = 3379C78B1B56F63A0085872E /* MobileCoreServices.framework */; };
/* End PBXBuildFile section */

/* Begin PBXContainerItemProxy section */
		3379C7471B56EF0A0085872E /* PBXContainerItemProxy */ = {
			isa = PBXContainerItemProxy;
			containerPortal = 3379C7271B56EF0A0085872E /* Project object */;
			proxyType = 1;
			remoteGlobalIDString = 3379C72E1B56EF0A0085872E;
			remoteInfo = GroceryList;
		};
/* End PBXContainerItemProxy section */

/* Begin PBXFileReference section */
		337737C21B57037900A4D9AA /* GroceryItem.swift */ = {isa = PBXFileReference; fileEncoding = 4; lastKnownFileType = sourcecode.swift; path = GroceryItem.swift; sourceTree = "<group>"; };
		3379C72F1B56EF0A0085872E /* GroceryList.app */ = {isa = PBXFileReference; explicitFileType = wrapper.application; includeInIndex = 0; path = GroceryList.app; sourceTree = BUILT_PRODUCTS_DIR; };
		3379C7331B56EF0A0085872E /* Info.plist */ = {isa = PBXFileReference; lastKnownFileType = text.plist.xml; path = Info.plist; sourceTree = "<group>"; };
		3379C7341B56EF0A0085872E /* AppDelegate.swift */ = {isa = PBXFileReference; lastKnownFileType = sourcecode.swift; path = AppDelegate.swift; sourceTree = "<group>"; };
		3379C7361B56EF0A0085872E /* MasterViewController.swift */ = {isa = PBXFileReference; lastKnownFileType = sourcecode.swift; path = MasterViewController.swift; sourceTree = "<group>"; };
		3379C7381B56EF0A0085872E /* NewItemViewController.swift */ = {isa = PBXFileReference; lastKnownFileType = sourcecode.swift; path = NewItemViewController.swift; sourceTree = "<group>"; };
		3379C73B1B56EF0A0085872E /* Base */ = {isa = PBXFileReference; lastKnownFileType = file.storyboard; name = Base; path = Base.lproj/Main.storyboard; sourceTree = "<group>"; };
		3379C73D1B56EF0A0085872E /* Images.xcassets */ = {isa = PBXFileReference; lastKnownFileType = folder.assetcatalog; path = Images.xcassets; sourceTree = "<group>"; };
		3379C7401B56EF0A0085872E /* Base */ = {isa = PBXFileReference; lastKnownFileType = file.xib; name = Base; path = Base.lproj/LaunchScreen.xib; sourceTree = "<group>"; };
		3379C7461B56EF0A0085872E /* GroceryListTests.xctest */ = {isa = PBXFileReference; explicitFileType = wrapper.cfbundle; includeInIndex = 0; path = GroceryListTests.xctest; sourceTree = BUILT_PRODUCTS_DIR; };
		3379C74B1B56EF0A0085872E /* Info.plist */ = {isa = PBXFileReference; lastKnownFileType = text.plist.xml; path = Info.plist; sourceTree = "<group>"; };
		3379C74C1B56EF0B0085872E /* GroceryListTests.swift */ = {isa = PBXFileReference; lastKnownFileType = sourcecode.swift; path = GroceryListTests.swift; sourceTree = "<group>"; };
		3379C76B1B56F3970085872E /* AudioToolbox.framework */ = {isa = PBXFileReference; lastKnownFileType = wrapper.framework; name = AudioToolbox.framework; path = System/Library/Frameworks/AudioToolbox.framework; sourceTree = SDKROOT; };
		3379C76D1B56F3CD0085872E /* CFNetwork.framework */ = {isa = PBXFileReference; lastKnownFileType = wrapper.framework; name = CFNetwork.framework; path = System/Library/Frameworks/CFNetwork.framework; sourceTree = SDKROOT; };
		3379C76E1B56F3CD0085872E /* CoreGraphics.framework */ = {isa = PBXFileReference; lastKnownFileType = wrapper.framework; name = CoreGraphics.framework; path = System/Library/Frameworks/CoreGraphics.framework; sourceTree = SDKROOT; };
		3379C76F1B56F3CD0085872E /* CoreLocation.framework */ = {isa = PBXFileReference; lastKnownFileType = wrapper.framework; name = CoreLocation.framework; path = System/Library/Frameworks/CoreLocation.framework; sourceTree = SDKROOT; };
		3379C7701B56F3CD0085872E /* QuartzCore.framework */ = {isa = PBXFileReference; lastKnownFileType = wrapper.framework; name = QuartzCore.framework; path = System/Library/Frameworks/QuartzCore.framework; sourceTree = SDKROOT; };
		3379C7711B56F3CD0085872E /* Security.framework */ = {isa = PBXFileReference; lastKnownFileType = wrapper.framework; name = Security.framework; path = System/Library/Frameworks/Security.framework; sourceTree = SDKROOT; };
		3379C7721B56F3CD0085872E /* StoreKit.framework */ = {isa = PBXFileReference; lastKnownFileType = wrapper.framework; name = StoreKit.framework; path = System/Library/Frameworks/StoreKit.framework; sourceTree = SDKROOT; };
		3379C7731B56F3CD0085872E /* SystemConfiguration.framework */ = {isa = PBXFileReference; lastKnownFileType = wrapper.framework; name = SystemConfiguration.framework; path = System/Library/Frameworks/SystemConfiguration.framework; sourceTree = SDKROOT; };
		3379C77B1B56F3D70085872E /* libz.dylib */ = {isa = PBXFileReference; lastKnownFileType = "compiled.mach-o.dylib"; name = libz.dylib; path = usr/lib/libz.dylib; sourceTree = SDKROOT; };
		3379C77D1B56F3E50085872E /* libsqlite3.dylib */ = {isa = PBXFileReference; lastKnownFileType = "compiled.mach-o.dylib"; name = libsqlite3.dylib; path = usr/lib/libsqlite3.dylib; sourceTree = SDKROOT; };
		3379C77F1B56F5300085872E /* Bolts.framework */ = {isa = PBXFileReference; lastKnownFileType = wrapper.framework; name = Bolts.framework; path = "../../ios-bootcamp-codeexamples-master/Lecture08/ParseSwiftStarterProject/Bolts.framework"; sourceTree = "<group>"; };
		3379C7801B56F5300085872E /* Parse.framework */ = {isa = PBXFileReference; lastKnownFileType = wrapper.framework; name = Parse.framework; path = "../../ios-bootcamp-codeexamples-master/Lecture08/ParseSwiftStarterProject/Parse.framework"; sourceTree = "<group>"; };
		3379C7811B56F5300085872E /* ParseCrashReporting.framework */ = {isa = PBXFileReference; lastKnownFileType = wrapper.framework; name = ParseCrashReporting.framework; path = "../../ios-bootcamp-codeexamples-master/Lecture08/ParseSwiftStarterProject/ParseCrashReporting.framework"; sourceTree = "<group>"; };
		3379C7821B56F5300085872E /* ParseFacebookUtils.framework */ = {isa = PBXFileReference; lastKnownFileType = wrapper.framework; name = ParseFacebookUtils.framework; path = "../../ios-bootcamp-codeexamples-master/Lecture08/ParseSwiftStarterProject/ParseFacebookUtils.framework"; sourceTree = "<group>"; };
		3379C7831B56F5300085872E /* ParseFacebookUtilsV4.framework */ = {isa = PBXFileReference; lastKnownFileType = wrapper.framework; name = ParseFacebookUtilsV4.framework; path = "../../ios-bootcamp-codeexamples-master/Lecture08/ParseSwiftStarterProject/ParseFacebookUtilsV4.framework"; sourceTree = "<group>"; };
		3379C7841B56F5300085872E /* ParseUI.framework */ = {isa = PBXFileReference; lastKnownFileType = wrapper.framework; name = ParseUI.framework; path = "../../ios-bootcamp-codeexamples-master/Lecture08/ParseSwiftStarterProject/ParseUI.framework"; sourceTree = "<group>"; };
		3379C78B1B56F63A0085872E /* MobileCoreServices.framework */ = {isa = PBXFileReference; lastKnownFileType = wrapper.framework; name = MobileCoreServices.framework; path = System/Library/Frameworks/MobileCoreServices.framework; sourceTree = SDKROOT; };
/* End PBXFileReference section */

/* Begin PBXFrameworksBuildPhase section */
		3379C72C1B56EF0A0085872E /* Frameworks */ = {
			isa = PBXFrameworksBuildPhase;
			buildActionMask = 2147483647;
			files = (
				3379C78C1B56F63A0085872E /* MobileCoreServices.framework in Frameworks */,
				3379C7851B56F5300085872E /* Bolts.framework in Frameworks */,
				3379C7861B56F5300085872E /* Parse.framework in Frameworks */,
				3379C7871B56F5300085872E /* ParseCrashReporting.framework in Frameworks */,
				3379C7881B56F5300085872E /* ParseFacebookUtils.framework in Frameworks */,
				3379C7891B56F5300085872E /* ParseFacebookUtilsV4.framework in Frameworks */,
				3379C78A1B56F5300085872E /* ParseUI.framework in Frameworks */,
				3379C77E1B56F3E50085872E /* libsqlite3.dylib in Frameworks */,
				3379C77C1B56F3D70085872E /* libz.dylib in Frameworks */,
				3379C7741B56F3CD0085872E /* CFNetwork.framework in Frameworks */,
				3379C7751B56F3CD0085872E /* CoreGraphics.framework in Frameworks */,
				3379C7761B56F3CD0085872E /* CoreLocation.framework in Frameworks */,
				3379C7771B56F3CD0085872E /* QuartzCore.framework in Frameworks */,
				3379C7781B56F3CD0085872E /* Security.framework in Frameworks */,
				3379C7791B56F3CD0085872E /* StoreKit.framework in Frameworks */,
				3379C77A1B56F3CD0085872E /* SystemConfiguration.framework in Frameworks */,
				3379C76C1B56F3970085872E /* AudioToolbox.framework in Frameworks */,
			);
			runOnlyForDeploymentPostprocessing = 0;
		};
		3379C7431B56EF0A0085872E /* Frameworks */ = {
			isa = PBXFrameworksBuildPhase;
			buildActionMask = 2147483647;
			files = (
			);
			runOnlyForDeploymentPostprocessing = 0;
		};
/* End PBXFrameworksBuildPhase section */

/* Begin PBXGroup section */
		3379C7261B56EF0A0085872E = {
			isa = PBXGroup;
			children = (
				3379C76A1B56F30A0085872E /* Frameworks */,
				3379C7311B56EF0A0085872E /* GroceryList */,
				3379C7491B56EF0A0085872E /* GroceryListTests */,
				3379C7301B56EF0A0085872E /* Products */,
			);
			sourceTree = "<group>";
		};
		3379C7301B56EF0A0085872E /* Products */ = {
			isa = PBXGroup;
			children = (
				3379C72F1B56EF0A0085872E /* GroceryList.app */,
				3379C7461B56EF0A0085872E /* GroceryListTests.xctest */,
			);
			name = Products;
			sourceTree = "<group>";
		};
		3379C7311B56EF0A0085872E /* GroceryList */ = {
			isa = PBXGroup;
			children = (
				337737C21B57037900A4D9AA /* GroceryItem.swift */,
				3379C7341B56EF0A0085872E /* AppDelegate.swift */,
				3379C7361B56EF0A0085872E /* MasterViewController.swift */,
				3379C7381B56EF0A0085872E /* NewItemViewController.swift */,
				3379C73A1B56EF0A0085872E /* Main.storyboard */,
				3379C73D1B56EF0A0085872E /* Images.xcassets */,
				3379C73F1B56EF0A0085872E /* LaunchScreen.xib */,
				3379C7321B56EF0A0085872E /* Supporting Files */,
			);
			path = GroceryList;
			sourceTree = "<group>";
		};
		3379C7321B56EF0A0085872E /* Supporting Files */ = {
			isa = PBXGroup;
			children = (
				3379C7331B56EF0A0085872E /* Info.plist */,
			);
			name = "Supporting Files";
			sourceTree = "<group>";
		};
		3379C7491B56EF0A0085872E /* GroceryListTests */ = {
			isa = PBXGroup;
			children = (
				3379C74C1B56EF0B0085872E /* GroceryListTests.swift */,
				3379C74A1B56EF0A0085872E /* Supporting Files */,
			);
			path = GroceryListTests;
			sourceTree = "<group>";
		};
		3379C74A1B56EF0A0085872E /* Supporting Files */ = {
			isa = PBXGroup;
			children = (
				3379C74B1B56EF0A0085872E /* Info.plist */,
			);
			name = "Supporting Files";
			sourceTree = "<group>";
		};
		3379C76A1B56F30A0085872E /* Frameworks */ = {
			isa = PBXGroup;
			children = (
				3379C78B1B56F63A0085872E /* MobileCoreServices.framework */,
				3379C77F1B56F5300085872E /* Bolts.framework */,
				3379C7801B56F5300085872E /* Parse.framework */,
				3379C7811B56F5300085872E /* ParseCrashReporting.framework */,
				3379C7821B56F5300085872E /* ParseFacebookUtils.framework */,
				3379C7831B56F5300085872E /* ParseFacebookUtilsV4.framework */,
				3379C7841B56F5300085872E /* ParseUI.framework */,
				3379C77D1B56F3E50085872E /* libsqlite3.dylib */,
				3379C77B1B56F3D70085872E /* libz.dylib */,
				3379C76D1B56F3CD0085872E /* CFNetwork.framework */,
				3379C76E1B56F3CD0085872E /* CoreGraphics.framework */,
				3379C76F1B56F3CD0085872E /* CoreLocation.framework */,
				3379C7701B56F3CD0085872E /* QuartzCore.framework */,
				3379C7711B56F3CD0085872E /* Security.framework */,
				3379C7721B56F3CD0085872E /* StoreKit.framework */,
				3379C7731B56F3CD0085872E /* SystemConfiguration.framework */,
				3379C76B1B56F3970085872E /* AudioToolbox.framework */,
			);
			name = Frameworks;
			sourceTree = "<group>";
		};
/* End PBXGroup section */

/* Begin PBXNativeTarget section */
		3379C72E1B56EF0A0085872E /* GroceryList */ = {
			isa = PBXNativeTarget;
			buildConfigurationList = 3379C7501B56EF0B0085872E /* Build configuration list for PBXNativeTarget "GroceryList" */;
			buildPhases = (
				3379C72B1B56EF0A0085872E /* Sources */,
				3379C72C1B56EF0A0085872E /* Frameworks */,
				3379C72D1B56EF0A0085872E /* Resources */,
			);
			buildRules = (
			);
			dependencies = (
			);
			name = GroceryList;
			productName = GroceryList;
			productReference = 3379C72F1B56EF0A0085872E /* GroceryList.app */;
			productType = "com.apple.product-type.application";
		};
		3379C7451B56EF0A0085872E /* GroceryListTests */ = {
			isa = PBXNativeTarget;
			buildConfigurationList = 3379C7531B56EF0B0085872E /* Build configuration list for PBXNativeTarget "GroceryListTests" */;
			buildPhases = (
				3379C7421B56EF0A0085872E /* Sources */,
				3379C7431B56EF0A0085872E /* Frameworks */,
				3379C7441B56EF0A0085872E /* Resources */,
			);
			buildRules = (
			);
			dependencies = (
				3379C7481B56EF0A0085872E /* PBXTargetDependency */,
			);
			name = GroceryListTests;
			productName = GroceryListTests;
			productReference = 3379C7461B56EF0A0085872E /* GroceryListTests.xctest */;
			productType = "com.apple.product-type.bundle.unit-test";
		};
/* End PBXNativeTarget section */

/* Begin PBXProject section */
		3379C7271B56EF0A0085872E /* Project object */ = {
			isa = PBXProject;
			attributes = {
				LastUpgradeCheck = 0630;
				ORGANIZATIONNAME = gvsu.edu.team4;
				TargetAttributes = {
					3379C72E1B56EF0A0085872E = {
						CreatedOnToolsVersion = 6.3.2;
					};
					3379C7451B56EF0A0085872E = {
						CreatedOnToolsVersion = 6.3.2;
						TestTargetID = 3379C72E1B56EF0A0085872E;
					};
				};
			};
			buildConfigurationList = 3379C72A1B56EF0A0085872E /* Build configuration list for PBXProject "GroceryList" */;
			compatibilityVersion = "Xcode 3.2";
			developmentRegion = English;
			hasScannedForEncodings = 0;
			knownRegions = (
				en,
				Base,
			);
			mainGroup = 3379C7261B56EF0A0085872E;
			productRefGroup = 3379C7301B56EF0A0085872E /* Products */;
			projectDirPath = "";
			projectRoot = "";
			targets = (
				3379C72E1B56EF0A0085872E /* GroceryList */,
				3379C7451B56EF0A0085872E /* GroceryListTests */,
			);
		};
/* End PBXProject section */

/* Begin PBXResourcesBuildPhase section */
		3379C72D1B56EF0A0085872E /* Resources */ = {
			isa = PBXResourcesBuildPhase;
			buildActionMask = 2147483647;
			files = (
				3379C73C1B56EF0A0085872E /* Main.storyboard in Resources */,
				3379C7411B56EF0A0085872E /* LaunchScreen.xib in Resources */,
				3379C73E1B56EF0A0085872E /* Images.xcassets in Resources */,
			);
			runOnlyForDeploymentPostprocessing = 0;
		};
		3379C7441B56EF0A0085872E /* Resources */ = {
			isa = PBXResourcesBuildPhase;
			buildActionMask = 2147483647;
			files = (
			);
			runOnlyForDeploymentPostprocessing = 0;
		};
/* End PBXResourcesBuildPhase section */

/* Begin PBXSourcesBuildPhase section */
		3379C72B1B56EF0A0085872E /* Sources */ = {
			isa = PBXSourcesBuildPhase;
			buildActionMask = 2147483647;
			files = (
				3379C7391B56EF0A0085872E /* NewItemViewController.swift in Sources */,
				3379C7371B56EF0A0085872E /* MasterViewController.swift in Sources */,
				337737C31B57037900A4D9AA /* GroceryItem.swift in Sources */,
				3379C7351B56EF0A0085872E /* AppDelegate.swift in Sources */,
			);
			runOnlyForDeploymentPostprocessing = 0;
		};
		3379C7421B56EF0A0085872E /* Sources */ = {
			isa = PBXSourcesBuildPhase;
			buildActionMask = 2147483647;
			files = (
				3379C74D1B56EF0B0085872E /* GroceryListTests.swift in Sources */,
			);
			runOnlyForDeploymentPostprocessing = 0;
		};
/* End PBXSourcesBuildPhase section */

/* Begin PBXTargetDependency section */
		3379C7481B56EF0A0085872E /* PBXTargetDependency */ = {
			isa = PBXTargetDependency;
			target = 3379C72E1B56EF0A0085872E /* GroceryList */;
			targetProxy = 3379C7471B56EF0A0085872E /* PBXContainerItemProxy */;
		};
/* End PBXTargetDependency section */

/* Begin PBXVariantGroup section */
		3379C73A1B56EF0A0085872E /* Main.storyboard */ = {
			isa = PBXVariantGroup;
			children = (
				3379C73B1B56EF0A0085872E /* Base */,
			);
			name = Main.storyboard;
			sourceTree = "<group>";
		};
		3379C73F1B56EF0A0085872E /* LaunchScreen.xib */ = {
			isa = PBXVariantGroup;
			children = (
				3379C7401B56EF0A0085872E /* Base */,
			);
			name = LaunchScreen.xib;
			sourceTree = "<group>";
		};
/* End PBXVariantGroup section */

/* Begin XCBuildConfiguration section */
		3379C74E1B56EF0B0085872E /* Debug */ = {
			isa = XCBuildConfiguration;
			buildSettings = {
				ALWAYS_SEARCH_USER_PATHS = NO;
				CLANG_CXX_LANGUAGE_STANDARD = "gnu++0x";
				CLANG_CXX_LIBRARY = "libc++";
				CLANG_ENABLE_MODULES = YES;
				CLANG_ENABLE_OBJC_ARC = YES;
				CLANG_WARN_BOOL_CONVERSION = YES;
				CLANG_WARN_CONSTANT_CONVERSION = YES;
				CLANG_WARN_DIRECT_OBJC_ISA_USAGE = YES_ERROR;
				CLANG_WARN_EMPTY_BODY = YES;
				CLANG_WARN_ENUM_CONVERSION = YES;
				CLANG_WARN_INT_CONVERSION = YES;
				CLANG_WARN_OBJC_ROOT_CLASS = YES_ERROR;
				CLANG_WARN_UNREACHABLE_CODE = YES;
				CLANG_WARN__DUPLICATE_METHOD_MATCH = YES;
				"CODE_SIGN_IDENTITY[sdk=iphoneos*]" = "iPhone Developer";
				COPY_PHASE_STRIP = NO;
				DEBUG_INFORMATION_FORMAT = "dwarf-with-dsym";
				ENABLE_STRICT_OBJC_MSGSEND = YES;
				GCC_C_LANGUAGE_STANDARD = gnu99;
				GCC_DYNAMIC_NO_PIC = NO;
				GCC_NO_COMMON_BLOCKS = YES;
				GCC_OPTIMIZATION_LEVEL = 0;
				GCC_PREPROCESSOR_DEFINITIONS = (
					"DEBUG=1",
					"$(inherited)",
				);
				GCC_SYMBOLS_PRIVATE_EXTERN = NO;
				GCC_WARN_64_TO_32_BIT_CONVERSION = YES;
				GCC_WARN_ABOUT_RETURN_TYPE = YES_ERROR;
				GCC_WARN_UNDECLARED_SELECTOR = YES;
				GCC_WARN_UNINITIALIZED_AUTOS = YES_AGGRESSIVE;
				GCC_WARN_UNUSED_FUNCTION = YES;
				GCC_WARN_UNUSED_VARIABLE = YES;
				IPHONEOS_DEPLOYMENT_TARGET = 8.3;
				MTL_ENABLE_DEBUG_INFO = YES;
				ONLY_ACTIVE_ARCH = YES;
				SDKROOT = iphoneos;
				SWIFT_OPTIMIZATION_LEVEL = "-Onone";
			};
			name = Debug;
		};
		3379C74F1B56EF0B0085872E /* Release */ = {
			isa = XCBuildConfiguration;
			buildSettings = {
				ALWAYS_SEARCH_USER_PATHS = NO;
				CLANG_CXX_LANGUAGE_STANDARD = "gnu++0x";
				CLANG_CXX_LIBRARY = "libc++";
				CLANG_ENABLE_MODULES = YES;
				CLANG_ENABLE_OBJC_ARC = YES;
				CLANG_WARN_BOOL_CONVERSION = YES;
				CLANG_WARN_CONSTANT_CONVERSION = YES;
				CLANG_WARN_DIRECT_OBJC_ISA_USAGE = YES_ERROR;
				CLANG_WARN_EMPTY_BODY = YES;
				CLANG_WARN_ENUM_CONVERSION = YES;
				CLANG_WARN_INT_CONVERSION = YES;
				CLANG_WARN_OBJC_ROOT_CLASS = YES_ERROR;
				CLANG_WARN_UNREACHABLE_CODE = YES;
				CLANG_WARN__DUPLICATE_METHOD_MATCH = YES;
				"CODE_SIGN_IDENTITY[sdk=iphoneos*]" = "iPhone Developer";
				COPY_PHASE_STRIP = NO;
				DEBUG_INFORMATION_FORMAT = "dwarf-with-dsym";
				ENABLE_NS_ASSERTIONS = NO;
				ENABLE_STRICT_OBJC_MSGSEND = YES;
				GCC_C_LANGUAGE_STANDARD = gnu99;
				GCC_NO_COMMON_BLOCKS = YES;
				GCC_WARN_64_TO_32_BIT_CONVERSION = YES;
				GCC_WARN_ABOUT_RETURN_TYPE = YES_ERROR;
				GCC_WARN_UNDECLARED_SELECTOR = YES;
				GCC_WARN_UNINITIALIZED_AUTOS = YES_AGGRESSIVE;
				GCC_WARN_UNUSED_FUNCTION = YES;
				GCC_WARN_UNUSED_VARIABLE = YES;
				IPHONEOS_DEPLOYMENT_TARGET = 8.3;
				MTL_ENABLE_DEBUG_INFO = NO;
				SDKROOT = iphoneos;
				VALIDATE_PRODUCT = YES;
			};
			name = Release;
		};
		3379C7511B56EF0B0085872E /* Debug */ = {
			isa = XCBuildConfiguration;
			buildSettings = {
				ASSETCATALOG_COMPILER_APPICON_NAME = AppIcon;
				FRAMEWORK_SEARCH_PATHS = (
					"$(inherited)",
					"/Users/xcodeuser/Desktop/ios-bootcamp-codeexamples-master",
					2/Lecture08/ParseSwiftStarterProject,
					"/Users/xcodeuser/Desktop/ios-bootcamp-codeexamples-master/Lecture08/ParseSwiftStarterProject",
				);
				INFOPLIST_FILE = GroceryList/Info.plist;
				LD_RUNPATH_SEARCH_PATHS = "$(inherited) @executable_path/Frameworks";
				PRODUCT_NAME = "$(TARGET_NAME)";
			};
			name = Debug;
		};
		3379C7521B56EF0B0085872E /* Release */ = {
			isa = XCBuildConfiguration;
			buildSettings = {
				ASSETCATALOG_COMPILER_APPICON_NAME = AppIcon;
				FRAMEWORK_SEARCH_PATHS = (
					"$(inherited)",
					"/Users/xcodeuser/Desktop/ios-bootcamp-codeexamples-master",
					2/Lecture08/ParseSwiftStarterProject,
					"/Users/xcodeuser/Desktop/ios-bootcamp-codeexamples-master/Lecture08/ParseSwiftStarterProject",
				);
				INFOPLIST_FILE = GroceryList/Info.plist;
				LD_RUNPATH_SEARCH_PATHS = "$(inherited) @executable_path/Frameworks";
				PRODUCT_NAME = "$(TARGET_NAME)";
			};
			name = Release;
		};
		3379C7541B56EF0B0085872E /* Debug */ = {
			isa = XCBuildConfiguration;
			buildSettings = {
				BUNDLE_LOADER = "$(TEST_HOST)";
				FRAMEWORK_SEARCH_PATHS = (
					"$(SDKROOT)/Developer/Library/Frameworks",
					"$(inherited)",
					"$(PROJECT_DIR)/GroceryListTests",
				);
				GCC_PREPROCESSOR_DEFINITIONS = (
					"DEBUG=1",
					"$(inherited)",
				);
				INFOPLIST_FILE = GroceryListTests/Info.plist;
				LD_RUNPATH_SEARCH_PATHS = "$(inherited) @executable_path/Frameworks @loader_path/Frameworks";
				PRODUCT_NAME = "$(TARGET_NAME)";
				TEST_HOST = "$(BUILT_PRODUCTS_DIR)/GroceryList.app/GroceryList";
			};
			name = Debug;
		};
		3379C7551B56EF0B0085872E /* Release */ = {
			isa = XCBuildConfiguration;
			buildSettings = {
				BUNDLE_LOADER = "$(TEST_HOST)";
				FRAMEWORK_SEARCH_PATHS = (
					"$(SDKROOT)/Developer/Library/Frameworks",
					"$(inherited)",
					"$(PROJECT_DIR)/GroceryListTests",
				);
				INFOPLIST_FILE = GroceryListTests/Info.plist;
				LD_RUNPATH_SEARCH_PATHS = "$(inherited) @executable_path/Frameworks @loader_path/Frameworks";
				PRODUCT_NAME = "$(TARGET_NAME)";
				TEST_HOST = "$(BUILT_PRODUCTS_DIR)/GroceryList.app/GroceryList";
			};
			name = Release;
		};
/* End XCBuildConfiguration section */

/* Begin XCConfigurationList section */
		3379C72A1B56EF0A0085872E /* Build configuration list for PBXProject "GroceryList" */ = {
			isa = XCConfigurationList;
			buildConfigurations = (
				3379C74E1B56EF0B0085872E /* Debug */,
				3379C74F1B56EF0B0085872E /* Release */,
			);
			defaultConfigurationIsVisible = 0;
			defaultConfigurationName = Release;
		};
		3379C7501B56EF0B0085872E /* Build configuration list for PBXNativeTarget "GroceryList" */ = {
			isa = XCConfigurationList;
			buildConfigurations = (
				3379C7511B56EF0B0085872E /* Debug */,
				3379C7521B56EF0B0085872E /* Release */,
			);
			defaultConfigurationIsVisible = 0;
			defaultConfigurationName = Release;
		};
		3379C7531B56EF0B0085872E /* Build configuration list for PBXNativeTarget "GroceryListTests" */ = {
			isa = XCConfigurationList;
			buildConfigurations = (
				3379C7541B56EF0B0085872E /* Debug */,
				3379C7551B56EF0B0085872E /* Release */,
			);
			defaultConfigurationIsVisible = 0;
			defaultConfigurationName = Release;
		};
/* End XCConfigurationList section */
	};
	rootObject = 3379C7271B56EF0A0085872E /* Project object */;
}
