// !$*UTF8*$!
{
	archiveVersion = 1;
	classes = {
	};
	objectVersion = 46;
	objects = {

/* Begin PBXBuildFile section */
		5F2A3F671B5D256600CC37AB /* AppDelegate.swift in Sources */ = {isa = PBXBuildFile; fileRef = 5F2A3F661B5D256600CC37AB /* AppDelegate.swift */; };
		5F2A3F691B5D256600CC37AB /* MasterViewController.swift in Sources */ = {isa = PBXBuildFile; fileRef = 5F2A3F681B5D256600CC37AB /* MasterViewController.swift */; };
		5F2A3F6B1B5D256600CC37AB /* DetailViewController.swift in Sources */ = {isa = PBXBuildFile; fileRef = 5F2A3F6A1B5D256600CC37AB /* DetailViewController.swift */; };
		5F2A3F6E1B5D256600CC37AB /* Main.storyboard in Resources */ = {isa = PBXBuildFile; fileRef = 5F2A3F6C1B5D256600CC37AB /* Main.storyboard */; };
		5F2A3F701B5D256600CC37AB /* Images.xcassets in Resources */ = {isa = PBXBuildFile; fileRef = 5F2A3F6F1B5D256600CC37AB /* Images.xcassets */; };
		5F2A3F731B5D256600CC37AB /* LaunchScreen.xib in Resources */ = {isa = PBXBuildFile; fileRef = 5F2A3F711B5D256600CC37AB /* LaunchScreen.xib */; };
		5F2A3F7F1B5D256600CC37AB /* lab8Tests.swift in Sources */ = {isa = PBXBuildFile; fileRef = 5F2A3F7E1B5D256600CC37AB /* lab8Tests.swift */; };
/* End PBXBuildFile section */

/* Begin PBXContainerItemProxy section */
		5F2A3F791B5D256600CC37AB /* PBXContainerItemProxy */ = {
			isa = PBXContainerItemProxy;
			containerPortal = 5F2A3F591B5D256600CC37AB /* Project object */;
			proxyType = 1;
			remoteGlobalIDString = 5F2A3F601B5D256600CC37AB;
			remoteInfo = lab8;
		};
/* End PBXContainerItemProxy section */

/* Begin PBXFileReference section */
		5F2A3F611B5D256600CC37AB /* lab8.app */ = {isa = PBXFileReference; explicitFileType = wrapper.application; includeInIndex = 0; path = lab8.app; sourceTree = BUILT_PRODUCTS_DIR; };
		5F2A3F651B5D256600CC37AB /* Info.plist */ = {isa = PBXFileReference; lastKnownFileType = text.plist.xml; path = Info.plist; sourceTree = "<group>"; };
		5F2A3F661B5D256600CC37AB /* AppDelegate.swift */ = {isa = PBXFileReference; lastKnownFileType = sourcecode.swift; path = AppDelegate.swift; sourceTree = "<group>"; };
		5F2A3F681B5D256600CC37AB /* MasterViewController.swift */ = {isa = PBXFileReference; lastKnownFileType = sourcecode.swift; path = MasterViewController.swift; sourceTree = "<group>"; };
		5F2A3F6A1B5D256600CC37AB /* DetailViewController.swift */ = {isa = PBXFileReference; lastKnownFileType = sourcecode.swift; path = DetailViewController.swift; sourceTree = "<group>"; };
		5F2A3F6D1B5D256600CC37AB /* Base */ = {isa = PBXFileReference; lastKnownFileType = file.storyboard; name = Base; path = Base.lproj/Main.storyboard; sourceTree = "<group>"; };
		5F2A3F6F1B5D256600CC37AB /* Images.xcassets */ = {isa = PBXFileReference; lastKnownFileType = folder.assetcatalog; path = Images.xcassets; sourceTree = "<group>"; };
		5F2A3F721B5D256600CC37AB /* Base */ = {isa = PBXFileReference; lastKnownFileType = file.xib; name = Base; path = Base.lproj/LaunchScreen.xib; sourceTree = "<group>"; };
		5F2A3F781B5D256600CC37AB /* lab8Tests.xctest */ = {isa = PBXFileReference; explicitFileType = wrapper.cfbundle; includeInIndex = 0; path = lab8Tests.xctest; sourceTree = BUILT_PRODUCTS_DIR; };
		5F2A3F7D1B5D256600CC37AB /* Info.plist */ = {isa = PBXFileReference; lastKnownFileType = text.plist.xml; path = Info.plist; sourceTree = "<group>"; };
		5F2A3F7E1B5D256600CC37AB /* lab8Tests.swift */ = {isa = PBXFileReference; lastKnownFileType = sourcecode.swift; path = lab8Tests.swift; sourceTree = "<group>"; };
/* End PBXFileReference section */

/* Begin PBXFrameworksBuildPhase section */
		5F2A3F5E1B5D256600CC37AB /* Frameworks */ = {
			isa = PBXFrameworksBuildPhase;
			buildActionMask = 2147483647;
			files = (
			);
			runOnlyForDeploymentPostprocessing = 0;
		};
		5F2A3F751B5D256600CC37AB /* Frameworks */ = {
			isa = PBXFrameworksBuildPhase;
			buildActionMask = 2147483647;
			files = (
			);
			runOnlyForDeploymentPostprocessing = 0;
		};
/* End PBXFrameworksBuildPhase section */

/* Begin PBXGroup section */
		5F2A3F581B5D256600CC37AB = {
			isa = PBXGroup;
			children = (
				5F2A3F631B5D256600CC37AB /* lab8 */,
				5F2A3F7B1B5D256600CC37AB /* lab8Tests */,
				5F2A3F621B5D256600CC37AB /* Products */,
			);
			sourceTree = "<group>";
		};
		5F2A3F621B5D256600CC37AB /* Products */ = {
			isa = PBXGroup;
			children = (
				5F2A3F611B5D256600CC37AB /* lab8.app */,
				5F2A3F781B5D256600CC37AB /* lab8Tests.xctest */,
			);
			name = Products;
			sourceTree = "<group>";
		};
		5F2A3F631B5D256600CC37AB /* lab8 */ = {
			isa = PBXGroup;
			children = (
				5F2A3F661B5D256600CC37AB /* AppDelegate.swift */,
				5F2A3F681B5D256600CC37AB /* MasterViewController.swift */,
				5F2A3F6A1B5D256600CC37AB /* DetailViewController.swift */,
				5F2A3F6C1B5D256600CC37AB /* Main.storyboard */,
				5F2A3F6F1B5D256600CC37AB /* Images.xcassets */,
				5F2A3F711B5D256600CC37AB /* LaunchScreen.xib */,
				5F2A3F641B5D256600CC37AB /* Supporting Files */,
			);
			path = lab8;
			sourceTree = "<group>";
		};
		5F2A3F641B5D256600CC37AB /* Supporting Files */ = {
			isa = PBXGroup;
			children = (
				5F2A3F651B5D256600CC37AB /* Info.plist */,
			);
			name = "Supporting Files";
			sourceTree = "<group>";
		};
		5F2A3F7B1B5D256600CC37AB /* lab8Tests */ = {
			isa = PBXGroup;
			children = (
				5F2A3F7E1B5D256600CC37AB /* lab8Tests.swift */,
				5F2A3F7C1B5D256600CC37AB /* Supporting Files */,
			);
			path = lab8Tests;
			sourceTree = "<group>";
		};
		5F2A3F7C1B5D256600CC37AB /* Supporting Files */ = {
			isa = PBXGroup;
			children = (
				5F2A3F7D1B5D256600CC37AB /* Info.plist */,
			);
			name = "Supporting Files";
			sourceTree = "<group>";
		};
/* End PBXGroup section */

/* Begin PBXNativeTarget section */
		5F2A3F601B5D256600CC37AB /* lab8 */ = {
			isa = PBXNativeTarget;
			buildConfigurationList = 5F2A3F821B5D256600CC37AB /* Build configuration list for PBXNativeTarget "lab8" */;
			buildPhases = (
				5F2A3F5D1B5D256600CC37AB /* Sources */,
				5F2A3F5E1B5D256600CC37AB /* Frameworks */,
				5F2A3F5F1B5D256600CC37AB /* Resources */,
			);
			buildRules = (
			);
			dependencies = (
			);
			name = lab8;
			productName = lab8;
			productReference = 5F2A3F611B5D256600CC37AB /* lab8.app */;
			productType = "com.apple.product-type.application";
		};
		5F2A3F771B5D256600CC37AB /* lab8Tests */ = {
			isa = PBXNativeTarget;
			buildConfigurationList = 5F2A3F851B5D256600CC37AB /* Build configuration list for PBXNativeTarget "lab8Tests" */;
			buildPhases = (
				5F2A3F741B5D256600CC37AB /* Sources */,
				5F2A3F751B5D256600CC37AB /* Frameworks */,
				5F2A3F761B5D256600CC37AB /* Resources */,
			);
			buildRules = (
			);
			dependencies = (
				5F2A3F7A1B5D256600CC37AB /* PBXTargetDependency */,
			);
			name = lab8Tests;
			productName = lab8Tests;
			productReference = 5F2A3F781B5D256600CC37AB /* lab8Tests.xctest */;
			productType = "com.apple.product-type.bundle.unit-test";
		};
/* End PBXNativeTarget section */

/* Begin PBXProject section */
		5F2A3F591B5D256600CC37AB /* Project object */ = {
			isa = PBXProject;
			attributes = {
				LastUpgradeCheck = 0640;
				ORGANIZATIONNAME = "Joel Neukom";
				TargetAttributes = {
					5F2A3F601B5D256600CC37AB = {
						CreatedOnToolsVersion = 6.4;
					};
					5F2A3F771B5D256600CC37AB = {
						CreatedOnToolsVersion = 6.4;
						TestTargetID = 5F2A3F601B5D256600CC37AB;
					};
				};
			};
			buildConfigurationList = 5F2A3F5C1B5D256600CC37AB /* Build configuration list for PBXProject "lab8" */;
			compatibilityVersion = "Xcode 3.2";
			developmentRegion = English;
			hasScannedForEncodings = 0;
			knownRegions = (
				en,
				Base,
			);
			mainGroup = 5F2A3F581B5D256600CC37AB;
			productRefGroup = 5F2A3F621B5D256600CC37AB /* Products */;
			projectDirPath = "";
			projectRoot = "";
			targets = (
				5F2A3F601B5D256600CC37AB /* lab8 */,
				5F2A3F771B5D256600CC37AB /* lab8Tests */,
			);
		};
/* End PBXProject section */

/* Begin PBXResourcesBuildPhase section */
		5F2A3F5F1B5D256600CC37AB /* Resources */ = {
			isa = PBXResourcesBuildPhase;
			buildActionMask = 2147483647;
			files = (
				5F2A3F6E1B5D256600CC37AB /* Main.storyboard in Resources */,
				5F2A3F731B5D256600CC37AB /* LaunchScreen.xib in Resources */,
				5F2A3F701B5D256600CC37AB /* Images.xcassets in Resources */,
			);
			runOnlyForDeploymentPostprocessing = 0;
		};
		5F2A3F761B5D256600CC37AB /* Resources */ = {
			isa = PBXResourcesBuildPhase;
			buildActionMask = 2147483647;
			files = (
			);
			runOnlyForDeploymentPostprocessing = 0;
		};
/* End PBXResourcesBuildPhase section */

/* Begin PBXSourcesBuildPhase section */
		5F2A3F5D1B5D256600CC37AB /* Sources */ = {
			isa = PBXSourcesBuildPhase;
			buildActionMask = 2147483647;
			files = (
				5F2A3F6B1B5D256600CC37AB /* DetailViewController.swift in Sources */,
				5F2A3F691B5D256600CC37AB /* MasterViewController.swift in Sources */,
				5F2A3F671B5D256600CC37AB /* AppDelegate.swift in Sources */,
			);
			runOnlyForDeploymentPostprocessing = 0;
		};
		5F2A3F741B5D256600CC37AB /* Sources */ = {
			isa = PBXSourcesBuildPhase;
			buildActionMask = 2147483647;
			files = (
				5F2A3F7F1B5D256600CC37AB /* lab8Tests.swift in Sources */,
			);
			runOnlyForDeploymentPostprocessing = 0;
		};
/* End PBXSourcesBuildPhase section */

/* Begin PBXTargetDependency section */
		5F2A3F7A1B5D256600CC37AB /* PBXTargetDependency */ = {
			isa = PBXTargetDependency;
			target = 5F2A3F601B5D256600CC37AB /* lab8 */;
			targetProxy = 5F2A3F791B5D256600CC37AB /* PBXContainerItemProxy */;
		};
/* End PBXTargetDependency section */

/* Begin PBXVariantGroup section */
		5F2A3F6C1B5D256600CC37AB /* Main.storyboard */ = {
			isa = PBXVariantGroup;
			children = (
				5F2A3F6D1B5D256600CC37AB /* Base */,
			);
			name = Main.storyboard;
			sourceTree = "<group>";
		};
		5F2A3F711B5D256600CC37AB /* LaunchScreen.xib */ = {
			isa = PBXVariantGroup;
			children = (
				5F2A3F721B5D256600CC37AB /* Base */,
			);
			name = LaunchScreen.xib;
			sourceTree = "<group>";
		};
/* End PBXVariantGroup section */

/* Begin XCBuildConfiguration section */
		5F2A3F801B5D256600CC37AB /* Debug */ = {
			isa = XCBuildConfiguration;
			buildSettings = {
				ALWAYS_SEARCH_USER_PATHS = NO;
				CLANG_CXX_LANGUAGE_STANDARD = "gnu++0x";
				CLANG_CXX_LIBRARY = "libc++";
				CLANG_ENABLE_MODULES = YES;
				CLANG_ENABLE_OBJC_ARC = YES;
				CLANG_WARN_BOOL_CONVERSION = YES;
				CLANG_WARN_CONSTANT_CONVERSION = YES;
				CLANG_WARN_DIRECT_OBJC_ISA_USAGE = YES_ERROR;
				CLANG_WARN_EMPTY_BODY = YES;
				CLANG_WARN_ENUM_CONVERSION = YES;
				CLANG_WARN_INT_CONVERSION = YES;
				CLANG_WARN_OBJC_ROOT_CLASS = YES_ERROR;
				CLANG_WARN_UNREACHABLE_CODE = YES;
				CLANG_WARN__DUPLICATE_METHOD_MATCH = YES;
				"CODE_SIGN_IDENTITY[sdk=iphoneos*]" = "iPhone Developer";
				COPY_PHASE_STRIP = NO;
				DEBUG_INFORMATION_FORMAT = "dwarf-with-dsym";
				ENABLE_STRICT_OBJC_MSGSEND = YES;
				GCC_C_LANGUAGE_STANDARD = gnu99;
				GCC_DYNAMIC_NO_PIC = NO;
				GCC_NO_COMMON_BLOCKS = YES;
				GCC_OPTIMIZATION_LEVEL = 0;
				GCC_PREPROCESSOR_DEFINITIONS = (
					"DEBUG=1",
					"$(inherited)",
				);
				GCC_SYMBOLS_PRIVATE_EXTERN = NO;
				GCC_WARN_64_TO_32_BIT_CONVERSION = YES;
				GCC_WARN_ABOUT_RETURN_TYPE = YES_ERROR;
				GCC_WARN_UNDECLARED_SELECTOR = YES;
				GCC_WARN_UNINITIALIZED_AUTOS = YES_AGGRESSIVE;
				GCC_WARN_UNUSED_FUNCTION = YES;
				GCC_WARN_UNUSED_VARIABLE = YES;
				IPHONEOS_DEPLOYMENT_TARGET = 8.4;
				MTL_ENABLE_DEBUG_INFO = YES;
				ONLY_ACTIVE_ARCH = YES;
				SDKROOT = iphoneos;
				SWIFT_OPTIMIZATION_LEVEL = "-Onone";
				TARGETED_DEVICE_FAMILY = "1,2";
			};
			name = Debug;
		};
		5F2A3F811B5D256600CC37AB /* Release */ = {
			isa = XCBuildConfiguration;
			buildSettings = {
				ALWAYS_SEARCH_USER_PATHS = NO;
				CLANG_CXX_LANGUAGE_STANDARD = "gnu++0x";
				CLANG_CXX_LIBRARY = "libc++";
				CLANG_ENABLE_MODULES = YES;
				CLANG_ENABLE_OBJC_ARC = YES;
				CLANG_WARN_BOOL_CONVERSION = YES;
				CLANG_WARN_CONSTANT_CONVERSION = YES;
				CLANG_WARN_DIRECT_OBJC_ISA_USAGE = YES_ERROR;
				CLANG_WARN_EMPTY_BODY = YES;
				CLANG_WARN_ENUM_CONVERSION = YES;
				CLANG_WARN_INT_CONVERSION = YES;
				CLANG_WARN_OBJC_ROOT_CLASS = YES_ERROR;
				CLANG_WARN_UNREACHABLE_CODE = YES;
				CLANG_WARN__DUPLICATE_METHOD_MATCH = YES;
				"CODE_SIGN_IDENTITY[sdk=iphoneos*]" = "iPhone Developer";
				COPY_PHASE_STRIP = NO;
				DEBUG_INFORMATION_FORMAT = "dwarf-with-dsym";
				ENABLE_NS_ASSERTIONS = NO;
				ENABLE_STRICT_OBJC_MSGSEND = YES;
				GCC_C_LANGUAGE_STANDARD = gnu99;
				GCC_NO_COMMON_BLOCKS = YES;
				GCC_WARN_64_TO_32_BIT_CONVERSION = YES;
				GCC_WARN_ABOUT_RETURN_TYPE = YES_ERROR;
				GCC_WARN_UNDECLARED_SELECTOR = YES;
				GCC_WARN_UNINITIALIZED_AUTOS = YES_AGGRESSIVE;
				GCC_WARN_UNUSED_FUNCTION = YES;
				GCC_WARN_UNUSED_VARIABLE = YES;
				IPHONEOS_DEPLOYMENT_TARGET = 8.4;
				MTL_ENABLE_DEBUG_INFO = NO;
				SDKROOT = iphoneos;
				TARGETED_DEVICE_FAMILY = "1,2";
				VALIDATE_PRODUCT = YES;
			};
			name = Release;
		};
		5F2A3F831B5D256600CC37AB /* Debug */ = {
			isa = XCBuildConfiguration;
			buildSettings = {
				ASSETCATALOG_COMPILER_APPICON_NAME = AppIcon;
				INFOPLIST_FILE = lab8/Info.plist;
				LD_RUNPATH_SEARCH_PATHS = "$(inherited) @executable_path/Frameworks";
				PRODUCT_NAME = "$(TARGET_NAME)";
			};
			name = Debug;
		};
		5F2A3F841B5D256600CC37AB /* Release */ = {
			isa = XCBuildConfiguration;
			buildSettings = {
				ASSETCATALOG_COMPILER_APPICON_NAME = AppIcon;
				INFOPLIST_FILE = lab8/Info.plist;
				LD_RUNPATH_SEARCH_PATHS = "$(inherited) @executable_path/Frameworks";
				PRODUCT_NAME = "$(TARGET_NAME)";
			};
			name = Release;
		};
		5F2A3F861B5D256600CC37AB /* Debug */ = {
			isa = XCBuildConfiguration;
			buildSettings = {
				BUNDLE_LOADER = "$(TEST_HOST)";
				FRAMEWORK_SEARCH_PATHS = (
					"$(SDKROOT)/Developer/Library/Frameworks",
					"$(inherited)",
				);
				GCC_PREPROCESSOR_DEFINITIONS = (
					"DEBUG=1",
					"$(inherited)",
				);
				INFOPLIST_FILE = lab8Tests/Info.plist;
				LD_RUNPATH_SEARCH_PATHS = "$(inherited) @executable_path/Frameworks @loader_path/Frameworks";
				PRODUCT_NAME = "$(TARGET_NAME)";
				TEST_HOST = "$(BUILT_PRODUCTS_DIR)/lab8.app/lab8";
			};
			name = Debug;
		};
		5F2A3F871B5D256600CC37AB /* Release */ = {
			isa = XCBuildConfiguration;
			buildSettings = {
				BUNDLE_LOADER = "$(TEST_HOST)";
				FRAMEWORK_SEARCH_PATHS = (
					"$(SDKROOT)/Developer/Library/Frameworks",
					"$(inherited)",
				);
				INFOPLIST_FILE = lab8Tests/Info.plist;
				LD_RUNPATH_SEARCH_PATHS = "$(inherited) @executable_path/Frameworks @loader_path/Frameworks";
				PRODUCT_NAME = "$(TARGET_NAME)";
				TEST_HOST = "$(BUILT_PRODUCTS_DIR)/lab8.app/lab8";
			};
			name = Release;
		};
/* End XCBuildConfiguration section */

/* Begin XCConfigurationList section */
		5F2A3F5C1B5D256600CC37AB /* Build configuration list for PBXProject "lab8" */ = {
			isa = XCConfigurationList;
			buildConfigurations = (
				5F2A3F801B5D256600CC37AB /* Debug */,
				5F2A3F811B5D256600CC37AB /* Release */,
			);
			defaultConfigurationIsVisible = 0;
			defaultConfigurationName = Release;
		};
		5F2A3F821B5D256600CC37AB /* Build configuration list for PBXNativeTarget "lab8" */ = {
			isa = XCConfigurationList;
			buildConfigurations = (
				5F2A3F831B5D256600CC37AB /* Debug */,
				5F2A3F841B5D256600CC37AB /* Release */,
			);
			defaultConfigurationIsVisible = 0;
		};
		5F2A3F851B5D256600CC37AB /* Build configuration list for PBXNativeTarget "lab8Tests" */ = {
			isa = XCConfigurationList;
			buildConfigurations = (
				5F2A3F861B5D256600CC37AB /* Debug */,
				5F2A3F871B5D256600CC37AB /* Release */,
			);
			defaultConfigurationIsVisible = 0;
		};
/* End XCConfigurationList section */
	};
	rootObject = 5F2A3F591B5D256600CC37AB /* Project object */;
}
